
Microsoft Visual Studio Solution File, Format Version 12.00
# Visual Studio Version 17
VisualStudioVersion = 17.0.31903.59
MinimumVisualStudioVersion = 10.0.40219.1
Project("{2150E333-8FDC-42A3-9474-1A3956D46DE8}") = "src", "src", "{827E0CD3-B72D-47B6-A68D-7590B98EB39B}"
EndProject
Project("{FAE04EC0-301F-11D3-BF4B-00C04F79EFBC}") = "NarrationApp.Shared", "src\NarrationApp.Shared\NarrationApp.Shared.csproj", "{284D2896-228F-4E7E-AC7F-F78FC35FE9FA}"
EndProject
Project("{FAE04EC0-301F-11D3-BF4B-00C04F79EFBC}") = "NarrationApp.Server", "src\NarrationApp.Server\NarrationApp.Server.csproj", "{B3C63C8D-C5B6-4820-843E-DCA43F9DC787}"
EndProject
Project("{FAE04EC0-301F-11D3-BF4B-00C04F79EFBC}") = "NarrationApp.SharedUI", "src\NarrationApp.SharedUI\NarrationApp.SharedUI.csproj", "{FB13F5E6-56D1-4B73-BBF4-19E19AC3B704}"
EndProject
Project("{FAE04EC0-301F-11D3-BF4B-00C04F79EFBC}") = "NarrationApp.Web", "src\NarrationApp.Web\NarrationApp.Web.csproj", "{624FAA58-ABF1-4068-B5FA-3934AA9DBB7B}"
EndProject
Project("{2150E333-8FDC-42A3-9474-1A3956D46DE8}") = "tests", "tests", "{0AB3BF05-4346-4AA6-1389-037BE0695223}"
EndProject
Project("{FAE04EC0-301F-11D3-BF4B-00C04F79EFBC}") = "NarrationApp.Server.Tests", "tests\NarrationApp.Server.Tests\NarrationApp.Server.Tests.csproj", "{80357B2A-ACFD-4612-80A8-7E32D1802332}"
EndProject
Project("{FAE04EC0-301F-11D3-BF4B-00C04F79EFBC}") = "NarrationApp.Web.Tests", "tests\NarrationApp.Web.Tests\NarrationApp.Web.Tests.csproj", "{FDBBB1CE-A662-409E-A186-D6AA9684D24A}"
EndProject
Project("{FAE04EC0-301F-11D3-BF4B-00C04F79EFBC}") = "NarrationApp.Mobile", "src\NarrationApp.Mobile\NarrationApp.Mobile.csproj", "{32F21148-1FD6-4F88-B3A8-A5B79D56B8F2}"
EndProject
Global
	GlobalSection(SolutionConfigurationPlatforms) = preSolution
		Debug|Any CPU = Debug|Any CPU
		Debug|x64 = Debug|x64
		Debug|x86 = Debug|x86
		Release|Any CPU = Release|Any CPU
		Release|x64 = Release|x64
		Release|x86 = Release|x86
	EndGlobalSection
	GlobalSection(ProjectConfigurationPlatforms) = postSolution
		{284D2896-228F-4E7E-AC7F-F78FC35FE9FA}.Debug|Any CPU.ActiveCfg = Debug|Any CPU
		{284D2896-228F-4E7E-AC7F-F78FC35FE9FA}.Debug|Any CPU.Build.0 = Debug|Any CPU
		{284D2896-228F-4E7E-AC7F-F78FC35FE9FA}.Debug|x64.ActiveCfg = Debug|Any CPU
		{284D2896-228F-4E7E-AC7F-F78FC35FE9FA}.Debug|x64.Build.0 = Debug|Any CPU
		{284D2896-228F-4E7E-AC7F-F78FC35FE9FA}.Debug|x86.ActiveCfg = Debug|Any CPU
		{284D2896-228F-4E7E-AC7F-F78FC35FE9FA}.Debug|x86.Build.0 = Debug|Any CPU
		{284D2896-228F-4E7E-AC7F-F78FC35FE9FA}.Release|Any CPU.ActiveCfg = Release|Any CPU
		{284D2896-228F-4E7E-AC7F-F78FC35FE9FA}.Release|Any CPU.Build.0 = Release|Any CPU
		{284D2896-228F-4E7E-AC7F-F78FC35FE9FA}.Release|x64.ActiveCfg = Release|Any CPU
		{284D2896-228F-4E7E-AC7F-F78FC35FE9FA}.Release|x64.Build.0 = Release|Any CPU
		{284D2896-228F-4E7E-AC7F-F78FC35FE9FA}.Release|x86.ActiveCfg = Release|Any CPU
		{284D2896-228F-4E7E-AC7F-F78FC35FE9FA}.Release|x86.Build.0 = Release|Any CPU
		{B3C63C8D-C5B6-4820-843E-DCA43F9DC787}.Debug|Any CPU.ActiveCfg = Debug|Any CPU
		{B3C63C8D-C5B6-4820-843E-DCA43F9DC787}.Debug|Any CPU.Build.0 = Debug|Any CPU
		{B3C63C8D-C5B6-4820-843E-DCA43F9DC787}.Debug|x64.ActiveCfg = Debug|Any CPU
		{B3C63C8D-C5B6-4820-843E-DCA43F9DC787}.Debug|x64.Build.0 = Debug|Any CPU
		{B3C63C8D-C5B6-4820-843E-DCA43F9DC787}.Debug|x86.ActiveCfg = Debug|Any CPU
		{B3C63C8D-C5B6-4820-843E-DCA43F9DC787}.Debug|x86.Build.0 = Debug|Any CPU
		{B3C63C8D-C5B6-4820-843E-DCA43F9DC787}.Release|Any CPU.ActiveCfg = Release|Any CPU
		{B3C63C8D-C5B6-4820-843E-DCA43F9DC787}.Release|Any CPU.Build.0 = Release|Any CPU
		{B3C63C8D-C5B6-4820-843E-DCA43F9DC787}.Release|x64.ActiveCfg = Release|Any CPU
		{B3C63C8D-C5B6-4820-843E-DCA43F9DC787}.Release|x64.Build.0 = Release|Any CPU
		{B3C63C8D-C5B6-4820-843E-DCA43F9DC787}.Release|x86.ActiveCfg = Release|Any CPU
		{B3C63C8D-C5B6-4820-843E-DCA43F9DC787}.Release|x86.Build.0 = Release|Any CPU
		{FB13F5E6-56D1-4B73-BBF4-19E19AC3B704}.Debug|Any CPU.ActiveCfg = Debug|Any CPU
		{FB13F5E6-56D1-4B73-BBF4-19E19AC3B704}.Debug|Any CPU.Build.0 = Debug|Any CPU
		{FB13F5E6-56D1-4B73-BBF4-19E19AC3B704}.Debug|x64.ActiveCfg = Debug|Any CPU
		{FB13F5E6-56D1-4B73-BBF4-19E19AC3B704}.Debug|x64.Build.0 = Debug|Any CPU
		{FB13F5E6-56D1-4B73-BBF4-19E19AC3B704}.Debug|x86.ActiveCfg = Debug|Any CPU
		{FB13F5E6-56D1-4B73-BBF4-19E19AC3B704}.Debug|x86.Build.0 = Debug|Any CPU
		{FB13F5E6-56D1-4B73-BBF4-19E19AC3B704}.Release|Any CPU.ActiveCfg = Release|Any CPU
		{FB13F5E6-56D1-4B73-BBF4-19E19AC3B704}.Release|Any CPU.Build.0 = Release|Any CPU
		{FB13F5E6-56D1-4B73-BBF4-19E19AC3B704}.Release|x64.ActiveCfg = Release|Any CPU
		{FB13F5E6-56D1-4B73-BBF4-19E19AC3B704}.Release|x64.Build.0 = Release|Any CPU
		{FB13F5E6-56D1-4B73-BBF4-19E19AC3B704}.Release|x86.ActiveCfg = Release|Any CPU
		{FB13F5E6-56D1-4B73-BBF4-19E19AC3B704}.Release|x86.Build.0 = Release|Any CPU
		{624FAA58-ABF1-4068-B5FA-3934AA9DBB7B}.Debug|Any CPU.ActiveCfg = Debug|Any CPU
		{624FAA58-ABF1-4068-B5FA-3934AA9DBB7B}.Debug|Any CPU.Build.0 = Debug|Any CPU
		{624FAA58-ABF1-4068-B5FA-3934AA9DBB7B}.Debug|x64.ActiveCfg = Debug|Any CPU
		{624FAA58-ABF1-4068-B5FA-3934AA9DBB7B}.Debug|x64.Build.0 = Debug|Any CPU
		{624FAA58-ABF1-4068-B5FA-3934AA9DBB7B}.Debug|x86.ActiveCfg = Debug|Any CPU
		{624FAA58-ABF1-4068-B5FA-3934AA9DBB7B}.Debug|x86.Build.0 = Debug|Any CPU
		{624FAA58-ABF1-4068-B5FA-3934AA9DBB7B}.Release|Any CPU.ActiveCfg = Release|Any CPU
		{624FAA58-ABF1-4068-B5FA-3934AA9DBB7B}.Release|Any CPU.Build.0 = Release|Any CPU
		{624FAA58-ABF1-4068-B5FA-3934AA9DBB7B}.Release|x64.ActiveCfg = Release|Any CPU
		{624FAA58-ABF1-4068-B5FA-3934AA9DBB7B}.Release|x64.Build.0 = Release|Any CPU
		{624FAA58-ABF1-4068-B5FA-3934AA9DBB7B}.Release|x86.ActiveCfg = Release|Any CPU
		{624FAA58-ABF1-4068-B5FA-3934AA9DBB7B}.Release|x86.Build.0 = Release|Any CPU
		{80357B2A-ACFD-4612-80A8-7E32D1802332}.Debug|Any CPU.ActiveCfg = Debug|Any CPU
		{80357B2A-ACFD-4612-80A8-7E32D1802332}.Debug|Any CPU.Build.0 = Debug|Any CPU
		{80357B2A-ACFD-4612-80A8-7E32D1802332}.Debug|x64.ActiveCfg = Debug|Any CPU
		{80357B2A-ACFD-4612-80A8-7E32D1802332}.Debug|x64.Build.0 = Debug|Any CPU
		{80357B2A-ACFD-4612-80A8-7E32D1802332}.Debug|x86.ActiveCfg = Debug|Any CPU
		{80357B2A-ACFD-4612-80A8-7E32D1802332}.Debug|x86.Build.0 = Debug|Any CPU
		{80357B2A-ACFD-4612-80A8-7E32D1802332}.Release|Any CPU.ActiveCfg = Release|Any CPU
		{80357B2A-ACFD-4612-80A8-7E32D1802332}.Release|Any CPU.Build.0 = Release|Any CPU
		{80357B2A-ACFD-4612-80A8-7E32D1802332}.Release|x64.ActiveCfg = Release|Any CPU
		{80357B2A-ACFD-4612-80A8-7E32D1802332}.Release|x64.Build.0 = Release|Any CPU
		{80357B2A-ACFD-4612-80A8-7E32D1802332}.Release|x86.ActiveCfg = Release|Any CPU
		{80357B2A-ACFD-4612-80A8-7E32D1802332}.Release|x86.Build.0 = Release|Any CPU
		{FDBBB1CE-A662-409E-A186-D6AA9684D24A}.Debug|Any CPU.ActiveCfg = Debug|Any CPU
		{FDBBB1CE-A662-409E-A186-D6AA9684D24A}.Debug|Any CPU.Build.0 = Debug|Any CPU
		{FDBBB1CE-A662-409E-A186-D6AA9684D24A}.Debug|x64.ActiveCfg = Debug|Any CPU
		{FDBBB1CE-A662-409E-A186-D6AA9684D24A}.Debug|x64.Build.0 = Debug|Any CPU
		{FDBBB1CE-A662-409E-A186-D6AA9684D24A}.Debug|x86.ActiveCfg = Debug|Any CPU
		{FDBBB1CE-A662-409E-A186-D6AA9684D24A}.Debug|x86.Build.0 = Debug|Any CPU
		{FDBBB1CE-A662-409E-A186-D6AA9684D24A}.Release|Any CPU.ActiveCfg = Release|Any CPU
		{FDBBB1CE-A662-409E-A186-D6AA9684D24A}.Release|Any CPU.Build.0 = Release|Any CPU
		{FDBBB1CE-A662-409E-A186-D6AA9684D24A}.Release|x64.ActiveCfg = Release|Any CPU
		{FDBBB1CE-A662-409E-A186-D6AA9684D24A}.Release|x64.Build.0 = Release|Any CPU
		{FDBBB1CE-A662-409E-A186-D6AA9684D24A}.Release|x86.ActiveCfg = Release|Any CPU
		{FDBBB1CE-A662-409E-A186-D6AA9684D24A}.Release|x86.Build.0 = Release|Any CPU
		{32F21148-1FD6-4F88-B3A8-A5B79D56B8F2}.Debug|Any CPU.ActiveCfg = Debug|Any CPU
		{32F21148-1FD6-4F88-B3A8-A5B79D56B8F2}.Debug|Any CPU.Build.0 = Debug|Any CPU
		{32F21148-1FD6-4F88-B3A8-A5B79D56B8F2}.Debug|x64.ActiveCfg = Debug|Any CPU
		{32F21148-1FD6-4F88-B3A8-A5B79D56B8F2}.Debug|x64.Build.0 = Debug|Any CPU
		{32F21148-1FD6-4F88-B3A8-A5B79D56B8F2}.Debug|x86.ActiveCfg = Debug|Any CPU
		{32F21148-1FD6-4F88-B3A8-A5B79D56B8F2}.Debug|x86.Build.0 = Debug|Any CPU
		{32F21148-1FD6-4F88-B3A8-A5B79D56B8F2}.Release|Any CPU.ActiveCfg = Release|Any CPU
		{32F21148-1FD6-4F88-B3A8-A5B79D56B8F2}.Release|Any CPU.Build.0 = Release|Any CPU
		{32F21148-1FD6-4F88-B3A8-A5B79D56B8F2}.Release|x64.ActiveCfg = Release|Any CPU
		{32F21148-1FD6-4F88-B3A8-A5B79D56B8F2}.Release|x64.Build.0 = Release|Any CPU
		{32F21148-1FD6-4F88-B3A8-A5B79D56B8F2}.Release|x86.ActiveCfg = Release|Any CPU
		{32F21148-1FD6-4F88-B3A8-A5B79D56B8F2}.Release|x86.Build.0 = Release|Any CPU
	EndGlobalSection
	GlobalSection(SolutionProperties) = preSolution
		HideSolutionNode = FALSE
	EndGlobalSection
	GlobalSection(NestedProjects) = preSolution
		{284D2896-228F-4E7E-AC7F-F78FC35FE9FA} = {827E0CD3-B72D-47B6-A68D-7590B98EB39B}
		{B3C63C8D-C5B6-4820-843E-DCA43F9DC787} = {827E0CD3-B72D-47B6-A68D-7590B98EB39B}
		{FB13F5E6-56D1-4B73-BBF4-19E19AC3B704} = {827E0CD3-B72D-47B6-A68D-7590B98EB39B}
		{624FAA58-ABF1-4068-B5FA-3934AA9DBB7B} = {827E0CD3-B72D-47B6-A68D-7590B98EB39B}
		{80357B2A-ACFD-4612-80A8-7E32D1802332} = {0AB3BF05-4346-4AA6-1389-037BE0695223}
		{FDBBB1CE-A662-409E-A186-D6AA9684D24A} = {0AB3BF05-4346-4AA6-1389-037BE0695223}
		{32F21148-1FD6-4F88-B3A8-A5B79D56B8F2} = {827E0CD3-B72D-47B6-A68D-7590B98EB39B}
	EndGlobalSection
EndGlobal
